// !$*UTF8*$!
{
	archiveVersion = 1;
	classes = {
	};
	objectVersion = 56;
	objects = {

/* Begin PBXBuildFile section */
		183620EB2B2DB9B900C09E3C /* ProductListTableViewCell.swift in Sources */ = {isa = PBXBuildFile; fileRef = 183620EA2B2DB9B900C09E3C /* ProductListTableViewCell.swift */; };
		183620EF2B2DD7ED00C09E3C /* HelloViewController.swift in Sources */ = {isa = PBXBuildFile; fileRef = 183620EE2B2DD7ED00C09E3C /* HelloViewController.swift */; };
		183620F12B2DD87A00C09E3C /* RegistrationViewController.swift in Sources */ = {isa = PBXBuildFile; fileRef = 183620F02B2DD87A00C09E3C /* RegistrationViewController.swift */; };
		183620F32B2DD91400C09E3C /* User.swift in Sources */ = {isa = PBXBuildFile; fileRef = 183620F22B2DD91400C09E3C /* User.swift */; };
		183620F52B2DD94A00C09E3C /* LoginViewController.swift in Sources */ = {isa = PBXBuildFile; fileRef = 183620F42B2DD94A00C09E3C /* LoginViewController.swift */; };
		183620F72B2DE18000C09E3C /* HomepageViewController.swift in Sources */ = {isa = PBXBuildFile; fileRef = 183620F62B2DE18000C09E3C /* HomepageViewController.swift */; };
		183FB0EA2B25B877004D3BF8 /* CategoryViewController.swift in Sources */ = {isa = PBXBuildFile; fileRef = 183FB0E92B25B877004D3BF8 /* CategoryViewController.swift */; };
		183FB0ED2B25BA64004D3BF8 /* CategoryTableViewCell.swift in Sources */ = {isa = PBXBuildFile; fileRef = 183FB0EB2B25BA64004D3BF8 /* CategoryTableViewCell.swift */; };
		183FB0EE2B25BA64004D3BF8 /* CategoryTableViewCell.xib in Resources */ = {isa = PBXBuildFile; fileRef = 183FB0EC2B25BA64004D3BF8 /* CategoryTableViewCell.xib */; };
		183FB0F02B25C1E8004D3BF8 /* category.swift in Sources */ = {isa = PBXBuildFile; fileRef = 183FB0EF2B25C1E8004D3BF8 /* category.swift */; };
		183FB0F32B25D4B2004D3BF8 /* ProductListViewController.swift in Sources */ = {isa = PBXBuildFile; fileRef = 183FB0F22B25D4B2004D3BF8 /* ProductListViewController.swift */; };
		183FB0F92B25DCF2004D3BF8 /* product.swift in Sources */ = {isa = PBXBuildFile; fileRef = 183FB0F82B25DCF2004D3BF8 /* product.swift */; };
		185077822B25E7FE00BB5EAE /* ProductListTableViewCell.xib in Resources */ = {isa = PBXBuildFile; fileRef = 185077802B25E7FE00BB5EAE /* ProductListTableViewCell.xib */; };
		185077862B25EEF800BB5EAE /* Protocol.swift in Sources */ = {isa = PBXBuildFile; fileRef = 185077852B25EEF800BB5EAE /* Protocol.swift */; };
		185077892B26216100BB5EAE /* ProductDetailsViewController.swift in Sources */ = {isa = PBXBuildFile; fileRef = 185077882B26216100BB5EAE /* ProductDetailsViewController.swift */; };
		187427BE2B2F1908007B3F7C /* FavouritesViewController.swift in Sources */ = {isa = PBXBuildFile; fileRef = 187427BD2B2F1908007B3F7C /* FavouritesViewController.swift */; };
		1895E4D12B313EBE00B8B690 /* FavouritesTableViewCell.swift in Sources */ = {isa = PBXBuildFile; fileRef = 1895E4CF2B313EBE00B8B690 /* FavouritesTableViewCell.swift */; };
		1895E4D22B313EBE00B8B690 /* FavouritesTableViewCell.xib in Resources */ = {isa = PBXBuildFile; fileRef = 1895E4D02B313EBE00B8B690 /* FavouritesTableViewCell.xib */; };
		1895E4D42B31429200B8B690 /* Manager.swift in Sources */ = {isa = PBXBuildFile; fileRef = 1895E4D32B31429200B8B690 /* Manager.swift */; };
		18A87DE12B1F03BC00462E8B /* AppDelegate.swift in Sources */ = {isa = PBXBuildFile; fileRef = 18A87DE02B1F03BC00462E8B /* AppDelegate.swift */; };
		18A87DE32B1F03BC00462E8B /* SceneDelegate.swift in Sources */ = {isa = PBXBuildFile; fileRef = 18A87DE22B1F03BC00462E8B /* SceneDelegate.swift */; };
		18A87DE82B1F03BC00462E8B /* Main.storyboard in Resources */ = {isa = PBXBuildFile; fileRef = 18A87DE62B1F03BC00462E8B /* Main.storyboard */; };
		18A87DEA2B1F03BC00462E8B /* Assets.xcassets in Resources */ = {isa = PBXBuildFile; fileRef = 18A87DE92B1F03BC00462E8B /* Assets.xcassets */; };
		18A87DED2B1F03BC00462E8B /* LaunchScreen.storyboard in Resources */ = {isa = PBXBuildFile; fileRef = 18A87DEB2B1F03BC00462E8B /* LaunchScreen.storyboard */; };
/* End PBXBuildFile section */

/* Begin PBXFileReference section */
		183620EA2B2DB9B900C09E3C /* ProductListTableViewCell.swift */ = {isa = PBXFileReference; lastKnownFileType = sourcecode.swift; path = ProductListTableViewCell.swift; sourceTree = "<group>"; };
		183620EE2B2DD7ED00C09E3C /* HelloViewController.swift */ = {isa = PBXFileReference; lastKnownFileType = sourcecode.swift; path = HelloViewController.swift; sourceTree = "<group>"; };
		183620F02B2DD87A00C09E3C /* RegistrationViewController.swift */ = {isa = PBXFileReference; lastKnownFileType = sourcecode.swift; path = RegistrationViewController.swift; sourceTree = "<group>"; };
		183620F22B2DD91400C09E3C /* User.swift */ = {isa = PBXFileReference; lastKnownFileType = sourcecode.swift; path = User.swift; sourceTree = "<group>"; };
		183620F42B2DD94A00C09E3C /* LoginViewController.swift */ = {isa = PBXFileReference; lastKnownFileType = sourcecode.swift; path = LoginViewController.swift; sourceTree = "<group>"; };
		183620F62B2DE18000C09E3C /* HomepageViewController.swift */ = {isa = PBXFileReference; lastKnownFileType = sourcecode.swift; path = HomepageViewController.swift; sourceTree = "<group>"; };
		183FB0E92B25B877004D3BF8 /* CategoryViewController.swift */ = {isa = PBXFileReference; lastKnownFileType = sourcecode.swift; path = CategoryViewController.swift; sourceTree = "<group>"; };
		183FB0EB2B25BA64004D3BF8 /* CategoryTableViewCell.swift */ = {isa = PBXFileReference; lastKnownFileType = sourcecode.swift; path = CategoryTableViewCell.swift; sourceTree = "<group>"; };
		183FB0EC2B25BA64004D3BF8 /* CategoryTableViewCell.xib */ = {isa = PBXFileReference; lastKnownFileType = file.xib; path = CategoryTableViewCell.xib; sourceTree = "<group>"; };
		183FB0EF2B25C1E8004D3BF8 /* category.swift */ = {isa = PBXFileReference; lastKnownFileType = sourcecode.swift; path = category.swift; sourceTree = "<group>"; };
		183FB0F22B25D4B2004D3BF8 /* ProductListViewController.swift */ = {isa = PBXFileReference; lastKnownFileType = sourcecode.swift; path = ProductListViewController.swift; sourceTree = "<group>"; };
		183FB0F82B25DCF2004D3BF8 /* product.swift */ = {isa = PBXFileReference; lastKnownFileType = sourcecode.swift; path = product.swift; sourceTree = "<group>"; };
		185077802B25E7FE00BB5EAE /* ProductListTableViewCell.xib */ = {isa = PBXFileReference; lastKnownFileType = file.xib; path = ProductListTableViewCell.xib; sourceTree = "<group>"; };
		185077852B25EEF800BB5EAE /* Protocol.swift */ = {isa = PBXFileReference; lastKnownFileType = sourcecode.swift; path = Protocol.swift; sourceTree = "<group>"; };
		185077882B26216100BB5EAE /* ProductDetailsViewController.swift */ = {isa = PBXFileReference; lastKnownFileType = sourcecode.swift; path = ProductDetailsViewController.swift; sourceTree = "<group>"; };
		187427BD2B2F1908007B3F7C /* FavouritesViewController.swift */ = {isa = PBXFileReference; lastKnownFileType = sourcecode.swift; path = FavouritesViewController.swift; sourceTree = "<group>"; };
		1895E4CF2B313EBE00B8B690 /* FavouritesTableViewCell.swift */ = {isa = PBXFileReference; lastKnownFileType = sourcecode.swift; path = FavouritesTableViewCell.swift; sourceTree = "<group>"; };
		1895E4D02B313EBE00B8B690 /* FavouritesTableViewCell.xib */ = {isa = PBXFileReference; lastKnownFileType = file.xib; path = FavouritesTableViewCell.xib; sourceTree = "<group>"; };
		1895E4D32B31429200B8B690 /* Manager.swift */ = {isa = PBXFileReference; lastKnownFileType = sourcecode.swift; path = Manager.swift; sourceTree = "<group>"; };
		18A87DDD2B1F03BC00462E8B /* Shop.app */ = {isa = PBXFileReference; explicitFileType = wrapper.application; includeInIndex = 0; path = Shop.app; sourceTree = BUILT_PRODUCTS_DIR; };
		18A87DE02B1F03BC00462E8B /* AppDelegate.swift */ = {isa = PBXFileReference; lastKnownFileType = sourcecode.swift; path = AppDelegate.swift; sourceTree = "<group>"; };
		18A87DE22B1F03BC00462E8B /* SceneDelegate.swift */ = {isa = PBXFileReference; lastKnownFileType = sourcecode.swift; path = SceneDelegate.swift; sourceTree = "<group>"; };
		18A87DE72B1F03BC00462E8B /* Base */ = {isa = PBXFileReference; lastKnownFileType = file.storyboard; name = Base; path = Base.lproj/Main.storyboard; sourceTree = "<group>"; };
		18A87DE92B1F03BC00462E8B /* Assets.xcassets */ = {isa = PBXFileReference; lastKnownFileType = folder.assetcatalog; path = Assets.xcassets; sourceTree = "<group>"; };
		18A87DEC2B1F03BC00462E8B /* Base */ = {isa = PBXFileReference; lastKnownFileType = file.storyboard; name = Base; path = Base.lproj/LaunchScreen.storyboard; sourceTree = "<group>"; };
		18A87DEE2B1F03BC00462E8B /* Info.plist */ = {isa = PBXFileReference; lastKnownFileType = text.plist.xml; path = Info.plist; sourceTree = "<group>"; };
/* End PBXFileReference section */

/* Begin PBXFrameworksBuildPhase section */
		18A87DDA2B1F03BC00462E8B /* Frameworks */ = {
			isa = PBXFrameworksBuildPhase;
			buildActionMask = 2147483647;
			files = (
			);
			runOnlyForDeploymentPostprocessing = 0;
		};
/* End PBXFrameworksBuildPhase section */

/* Begin PBXGroup section */
		183620ED2B2DD7C700C09E3C /* LoginRegister */ = {
			isa = PBXGroup;
			children = (
				183620EE2B2DD7ED00C09E3C /* HelloViewController.swift */,
				183620F02B2DD87A00C09E3C /* RegistrationViewController.swift */,
				183620F22B2DD91400C09E3C /* User.swift */,
				183620F42B2DD94A00C09E3C /* LoginViewController.swift */,
				183620F62B2DE18000C09E3C /* HomepageViewController.swift */,
			);
			path = LoginRegister;
			sourceTree = "<group>";
		};
		183FB0E82B25B7CB004D3BF8 /* Category */ = {
			isa = PBXGroup;
			children = (
				183FB0E92B25B877004D3BF8 /* CategoryViewController.swift */,
				183FB0EB2B25BA64004D3BF8 /* CategoryTableViewCell.swift */,
				183FB0EC2B25BA64004D3BF8 /* CategoryTableViewCell.xib */,
				183FB0EF2B25C1E8004D3BF8 /* category.swift */,
			);
			path = Category;
			sourceTree = "<group>";
		};
		183FB0F12B25D491004D3BF8 /* ProductList */ = {
			isa = PBXGroup;
			children = (
				183FB0F22B25D4B2004D3BF8 /* ProductListViewController.swift */,
				185077802B25E7FE00BB5EAE /* ProductListTableViewCell.xib */,
				183FB0F82B25DCF2004D3BF8 /* product.swift */,
				183620EA2B2DB9B900C09E3C /* ProductListTableViewCell.swift */,
			);
			path = ProductList;
			sourceTree = "<group>";
		};
		185077872B261EFB00BB5EAE /* ProductDetails */ = {
			isa = PBXGroup;
			children = (
				185077882B26216100BB5EAE /* ProductDetailsViewController.swift */,
				1895E4D32B31429200B8B690 /* Manager.swift */,
			);
			path = ProductDetails;
			sourceTree = "<group>";
		};
		187427BC2B2F1874007B3F7C /* Favourites */ = {
			isa = PBXGroup;
			children = (
				187427BD2B2F1908007B3F7C /* FavouritesViewController.swift */,
				1895E4CF2B313EBE00B8B690 /* FavouritesTableViewCell.swift */,
				1895E4D02B313EBE00B8B690 /* FavouritesTableViewCell.xib */,
			);
			path = Favourites;
			sourceTree = "<group>";
		};
		18A87DD42B1F03BC00462E8B = {
			isa = PBXGroup;
			children = (
				18A87DDF2B1F03BC00462E8B /* Shop */,
				18A87DDE2B1F03BC00462E8B /* Products */,
			);
			sourceTree = "<group>";
		};
		18A87DDE2B1F03BC00462E8B /* Products */ = {
			isa = PBXGroup;
			children = (
				18A87DDD2B1F03BC00462E8B /* Shop.app */,
			);
			name = Products;
			sourceTree = "<group>";
		};
		18A87DDF2B1F03BC00462E8B /* Shop */ = {
			isa = PBXGroup;
			children = (
				187427BC2B2F1874007B3F7C /* Favourites */,
				183620ED2B2DD7C700C09E3C /* LoginRegister */,
				185077872B261EFB00BB5EAE /* ProductDetails */,
				183FB0F12B25D491004D3BF8 /* ProductList */,
				183FB0E82B25B7CB004D3BF8 /* Category */,
				18A87DE02B1F03BC00462E8B /* AppDelegate.swift */,
				18A87DE22B1F03BC00462E8B /* SceneDelegate.swift */,
				18A87DE62B1F03BC00462E8B /* Main.storyboard */,
				18A87DE92B1F03BC00462E8B /* Assets.xcassets */,
				18A87DEB2B1F03BC00462E8B /* LaunchScreen.storyboard */,
				18A87DEE2B1F03BC00462E8B /* Info.plist */,
				185077852B25EEF800BB5EAE /* Protocol.swift */,
			);
			path = Shop;
			sourceTree = "<group>";
		};
/* End PBXGroup section */

/* Begin PBXNativeTarget section */
		18A87DDC2B1F03BC00462E8B /* Shop */ = {
			isa = PBXNativeTarget;
			buildConfigurationList = 18A87DF12B1F03BC00462E8B /* Build configuration list for PBXNativeTarget "Shop" */;
			buildPhases = (
				18A87DD92B1F03BC00462E8B /* Sources */,
				18A87DDA2B1F03BC00462E8B /* Frameworks */,
				18A87DDB2B1F03BC00462E8B /* Resources */,
			);
			buildRules = (
			);
			dependencies = (
			);
			name = Shop;
			productName = Shop;
			productReference = 18A87DDD2B1F03BC00462E8B /* Shop.app */;
			productType = "com.apple.product-type.application";
		};
/* End PBXNativeTarget section */

/* Begin PBXProject section */
		18A87DD52B1F03BC00462E8B /* Project object */ = {
			isa = PBXProject;
			attributes = {
				BuildIndependentTargetsInParallel = 1;
				LastSwiftUpdateCheck = 1500;
				LastUpgradeCheck = 1500;
				TargetAttributes = {
					18A87DDC2B1F03BC00462E8B = {
						CreatedOnToolsVersion = 15.0.1;
					};
				};
			};
			buildConfigurationList = 18A87DD82B1F03BC00462E8B /* Build configuration list for PBXProject "Shop" */;
			compatibilityVersion = "Xcode 14.0";
			developmentRegion = en;
			hasScannedForEncodings = 0;
			knownRegions = (
				en,
				Base,
			);
			mainGroup = 18A87DD42B1F03BC00462E8B;
			productRefGroup = 18A87DDE2B1F03BC00462E8B /* Products */;
			projectDirPath = "";
			projectRoot = "";
			targets = (
				18A87DDC2B1F03BC00462E8B /* Shop */,
			);
		};
/* End PBXProject section */

/* Begin PBXResourcesBuildPhase section */
		18A87DDB2B1F03BC00462E8B /* Resources */ = {
			isa = PBXResourcesBuildPhase;
			buildActionMask = 2147483647;
			files = (
				18A87DED2B1F03BC00462E8B /* LaunchScreen.storyboard in Resources */,
				185077822B25E7FE00BB5EAE /* ProductListTableViewCell.xib in Resources */,
				18A87DEA2B1F03BC00462E8B /* Assets.xcassets in Resources */,
				18A87DE82B1F03BC00462E8B /* Main.storyboard in Resources */,
				183FB0EE2B25BA64004D3BF8 /* CategoryTableViewCell.xib in Resources */,
				1895E4D22B313EBE00B8B690 /* FavouritesTableViewCell.xib in Resources */,
			);
			runOnlyForDeploymentPostprocessing = 0;
		};
/* End PBXResourcesBuildPhase section */

/* Begin PBXSourcesBuildPhase section */
		18A87DD92B1F03BC00462E8B /* Sources */ = {
			isa = PBXSourcesBuildPhase;
			buildActionMask = 2147483647;
			files = (
				187427BE2B2F1908007B3F7C /* FavouritesViewController.swift in Sources */,
				183620F52B2DD94A00C09E3C /* LoginViewController.swift in Sources */,
				183620F32B2DD91400C09E3C /* User.swift in Sources */,
				18A87DE12B1F03BC00462E8B /* AppDelegate.swift in Sources */,
				183FB0F92B25DCF2004D3BF8 /* product.swift in Sources */,
				183FB0F02B25C1E8004D3BF8 /* category.swift in Sources */,
				185077892B26216100BB5EAE /* ProductDetailsViewController.swift in Sources */,
				1895E4D42B31429200B8B690 /* Manager.swift in Sources */,
				183FB0EA2B25B877004D3BF8 /* CategoryViewController.swift in Sources */,
				18A87DE32B1F03BC00462E8B /* SceneDelegate.swift in Sources */,
				183620F12B2DD87A00C09E3C /* RegistrationViewController.swift in Sources */,
				1895E4D12B313EBE00B8B690 /* FavouritesTableViewCell.swift in Sources */,
				185077862B25EEF800BB5EAE /* Protocol.swift in Sources */,
				183620EB2B2DB9B900C09E3C /* ProductListTableViewCell.swift in Sources */,
				183FB0F32B25D4B2004D3BF8 /* ProductListViewController.swift in Sources */,
				183FB0ED2B25BA64004D3BF8 /* CategoryTableViewCell.swift in Sources */,
				183620EF2B2DD7ED00C09E3C /* HelloViewController.swift in Sources */,
				183620F72B2DE18000C09E3C /* HomepageViewController.swift in Sources */,
			);
			runOnlyForDeploymentPostprocessing = 0;
		};
/* End PBXSourcesBuildPhase section */

/* Begin PBXVariantGroup section */
		18A87DE62B1F03BC00462E8B /* Main.storyboard */ = {
			isa = PBXVariantGroup;
			children = (
				18A87DE72B1F03BC00462E8B /* Base */,
			);
			name = Main.storyboard;
			sourceTree = "<group>";
		};
		18A87DEB2B1F03BC00462E8B /* LaunchScreen.storyboard */ = {
			isa = PBXVariantGroup;
			children = (
				18A87DEC2B1F03BC00462E8B /* Base */,
			);
			name = LaunchScreen.storyboard;
			sourceTree = "<group>";
		};
/* End PBXVariantGroup section */

/* Begin XCBuildConfiguration section */
		18A87DEF2B1F03BC00462E8B /* Debug */ = {
			isa = XCBuildConfiguration;
			buildSettings = {
				ALWAYS_SEARCH_USER_PATHS = NO;
				ASSETCATALOG_COMPILER_GENERATE_SWIFT_ASSET_SYMBOL_EXTENSIONS = YES;
				CLANG_ANALYZER_NONNULL = YES;
				CLANG_ANALYZER_NUMBER_OBJECT_CONVERSION = YES_AGGRESSIVE;
				CLANG_CXX_LANGUAGE_STANDARD = "gnu++20";
				CLANG_ENABLE_MODULES = YES;
				CLANG_ENABLE_OBJC_ARC = YES;
				CLANG_ENABLE_OBJC_WEAK = YES;
				CLANG_WARN_BLOCK_CAPTURE_AUTORELEASING = YES;
				CLANG_WARN_BOOL_CONVERSION = YES;
				CLANG_WARN_COMMA = YES;
				CLANG_WARN_CONSTANT_CONVERSION = YES;
				CLANG_WARN_DEPRECATED_OBJC_IMPLEMENTATIONS = YES;
				CLANG_WARN_DIRECT_OBJC_ISA_USAGE = YES_ERROR;
				CLANG_WARN_DOCUMENTATION_COMMENTS = YES;
				CLANG_WARN_EMPTY_BODY = YES;
				CLANG_WARN_ENUM_CONVERSION = YES;
				CLANG_WARN_INFINITE_RECURSION = YES;
				CLANG_WARN_INT_CONVERSION = YES;
				CLANG_WARN_NON_LITERAL_NULL_CONVERSION = YES;
				CLANG_WARN_OBJC_IMPLICIT_RETAIN_SELF = YES;
				CLANG_WARN_OBJC_LITERAL_CONVERSION = YES;
				CLANG_WARN_OBJC_ROOT_CLASS = YES_ERROR;
				CLANG_WARN_QUOTED_INCLUDE_IN_FRAMEWORK_HEADER = YES;
				CLANG_WARN_RANGE_LOOP_ANALYSIS = YES;
				CLANG_WARN_STRICT_PROTOTYPES = YES;
				CLANG_WARN_SUSPICIOUS_MOVE = YES;
				CLANG_WARN_UNGUARDED_AVAILABILITY = YES_AGGRESSIVE;
				CLANG_WARN_UNREACHABLE_CODE = YES;
				CLANG_WARN__DUPLICATE_METHOD_MATCH = YES;
				COPY_PHASE_STRIP = NO;
				DEBUG_INFORMATION_FORMAT = dwarf;
				ENABLE_STRICT_OBJC_MSGSEND = YES;
				ENABLE_TESTABILITY = YES;
				ENABLE_USER_SCRIPT_SANDBOXING = YES;
				GCC_C_LANGUAGE_STANDARD = gnu17;
				GCC_DYNAMIC_NO_PIC = NO;
				GCC_NO_COMMON_BLOCKS = YES;
				GCC_OPTIMIZATION_LEVEL = 0;
				GCC_PREPROCESSOR_DEFINITIONS = (
					"DEBUG=1",
					"$(inherited)",
				);
				GCC_WARN_64_TO_32_BIT_CONVERSION = YES;
				GCC_WARN_ABOUT_RETURN_TYPE = YES_ERROR;
				GCC_WARN_UNDECLARED_SELECTOR = YES;
				GCC_WARN_UNINITIALIZED_AUTOS = YES_AGGRESSIVE;
				GCC_WARN_UNUSED_FUNCTION = YES;
				GCC_WARN_UNUSED_VARIABLE = YES;
				IPHONEOS_DEPLOYMENT_TARGET = 17.0;
				LOCALIZATION_PREFERS_STRING_CATALOGS = YES;
				MTL_ENABLE_DEBUG_INFO = INCLUDE_SOURCE;
				MTL_FAST_MATH = YES;
				ONLY_ACTIVE_ARCH = YES;
				SDKROOT = iphoneos;
				SWIFT_ACTIVE_COMPILATION_CONDITIONS = "DEBUG $(inherited)";
				SWIFT_OPTIMIZATION_LEVEL = "-Onone";
			};
			name = Debug;
		};
		18A87DF02B1F03BC00462E8B /* Release */ = {
			isa = XCBuildConfiguration;
			buildSettings = {
				ALWAYS_SEARCH_USER_PATHS = NO;
				ASSETCATALOG_COMPILER_GENERATE_SWIFT_ASSET_SYMBOL_EXTENSIONS = YES;
				CLANG_ANALYZER_NONNULL = YES;
				CLANG_ANALYZER_NUMBER_OBJECT_CONVERSION = YES_AGGRESSIVE;
				CLANG_CXX_LANGUAGE_STANDARD = "gnu++20";
				CLANG_ENABLE_MODULES = YES;
				CLANG_ENABLE_OBJC_ARC = YES;
				CLANG_ENABLE_OBJC_WEAK = YES;
				CLANG_WARN_BLOCK_CAPTURE_AUTORELEASING = YES;
				CLANG_WARN_BOOL_CONVERSION = YES;
				CLANG_WARN_COMMA = YES;
				CLANG_WARN_CONSTANT_CONVERSION = YES;
				CLANG_WARN_DEPRECATED_OBJC_IMPLEMENTATIONS = YES;
				CLANG_WARN_DIRECT_OBJC_ISA_USAGE = YES_ERROR;
				CLANG_WARN_DOCUMENTATION_COMMENTS = YES;
				CLANG_WARN_EMPTY_BODY = YES;
				CLANG_WARN_ENUM_CONVERSION = YES;
				CLANG_WARN_INFINITE_RECURSION = YES;
				CLANG_WARN_INT_CONVERSION = YES;
				CLANG_WARN_NON_LITERAL_NULL_CONVERSION = YES;
				CLANG_WARN_OBJC_IMPLICIT_RETAIN_SELF = YES;
				CLANG_WARN_OBJC_LITERAL_CONVERSION = YES;
				CLANG_WARN_OBJC_ROOT_CLASS = YES_ERROR;
				CLANG_WARN_QUOTED_INCLUDE_IN_FRAMEWORK_HEADER = YES;
				CLANG_WARN_RANGE_LOOP_ANALYSIS = YES;
				CLANG_WARN_STRICT_PROTOTYPES = YES;
				CLANG_WARN_SUSPICIOUS_MOVE = YES;
				CLANG_WARN_UNGUARDED_AVAILABILITY = YES_AGGRESSIVE;
				CLANG_WARN_UNREACHABLE_CODE = YES;
				CLANG_WARN__DUPLICATE_METHOD_MATCH = YES;
				COPY_PHASE_STRIP = NO;
				DEBUG_INFORMATION_FORMAT = "dwarf-with-dsym";
				ENABLE_NS_ASSERTIONS = NO;
				ENABLE_STRICT_OBJC_MSGSEND = YES;
				ENABLE_USER_SCRIPT_SANDBOXING = YES;
				GCC_C_LANGUAGE_STANDARD = gnu17;
				GCC_NO_COMMON_BLOCKS = YES;
				GCC_WARN_64_TO_32_BIT_CONVERSION = YES;
				GCC_WARN_ABOUT_RETURN_TYPE = YES_ERROR;
				GCC_WARN_UNDECLARED_SELECTOR = YES;
				GCC_WARN_UNINITIALIZED_AUTOS = YES_AGGRESSIVE;
				GCC_WARN_UNUSED_FUNCTION = YES;
				GCC_WARN_UNUSED_VARIABLE = YES;
				IPHONEOS_DEPLOYMENT_TARGET = 17.0;
				LOCALIZATION_PREFERS_STRING_CATALOGS = YES;
				MTL_ENABLE_DEBUG_INFO = NO;
				MTL_FAST_MATH = YES;
				SDKROOT = iphoneos;
				SWIFT_COMPILATION_MODE = wholemodule;
				VALIDATE_PRODUCT = YES;
			};
			name = Release;
		};
		18A87DF22B1F03BC00462E8B /* Debug */ = {
			isa = XCBuildConfiguration;
			buildSettings = {
				ASSETCATALOG_COMPILER_APPICON_NAME = AppIcon;
				ASSETCATALOG_COMPILER_GLOBAL_ACCENT_COLOR_NAME = AccentColor;
				CODE_SIGN_STYLE = Automatic;
				CURRENT_PROJECT_VERSION = 1;
				GENERATE_INFOPLIST_FILE = YES;
				INFOPLIST_FILE = Shop/Info.plist;
				INFOPLIST_KEY_UIApplicationSupportsIndirectInputEvents = YES;
				INFOPLIST_KEY_UILaunchStoryboardName = LaunchScreen;
				INFOPLIST_KEY_UIMainStoryboardFile = Main;
				INFOPLIST_KEY_UISupportedInterfaceOrientations_iPad = "UIInterfaceOrientationPortrait UIInterfaceOrientationPortraitUpsideDown UIInterfaceOrientationLandscapeLeft UIInterfaceOrientationLandscapeRight";
				INFOPLIST_KEY_UISupportedInterfaceOrientations_iPhone = "UIInterfaceOrientationPortrait UIInterfaceOrientationLandscapeLeft UIInterfaceOrientationLandscapeRight";
				LD_RUNPATH_SEARCH_PATHS = (
					"$(inherited)",
					"@executable_path/Frameworks",
				);
				MARKETING_VERSION = 1.0;
				PRODUCT_BUNDLE_IDENTIFIER = com.valeriya.Shop;
				PRODUCT_NAME = "$(TARGET_NAME)";
				SWIFT_EMIT_LOC_STRINGS = YES;
				SWIFT_VERSION = 5.0;
				TARGETED_DEVICE_FAMILY = "1,2";
			};
			name = Debug;
		};
		18A87DF32B1F03BC00462E8B /* Release */ = {
			isa = XCBuildConfiguration;
			buildSettings = {
				ASSETCATALOG_COMPILER_APPICON_NAME = AppIcon;
				ASSETCATALOG_COMPILER_GLOBAL_ACCENT_COLOR_NAME = AccentColor;
				CODE_SIGN_STYLE = Automatic;
				CURRENT_PROJECT_VERSION = 1;
				GENERATE_INFOPLIST_FILE = YES;
				INFOPLIST_FILE = Shop/Info.plist;
				INFOPLIST_KEY_UIApplicationSupportsIndirectInputEvents = YES;
				INFOPLIST_KEY_UILaunchStoryboardName = LaunchScreen;
				INFOPLIST_KEY_UIMainStoryboardFile = Main;
				INFOPLIST_KEY_UISupportedInterfaceOrientations_iPad = "UIInterfaceOrientationPortrait UIInterfaceOrientationPortraitUpsideDown UIInterfaceOrientationLandscapeLeft UIInterfaceOrientationLandscapeRight";
				INFOPLIST_KEY_UISupportedInterfaceOrientations_iPhone = "UIInterfaceOrientationPortrait UIInterfaceOrientationLandscapeLeft UIInterfaceOrientationLandscapeRight";
				LD_RUNPATH_SEARCH_PATHS = (
					"$(inherited)",
					"@executable_path/Frameworks",
				);
				MARKETING_VERSION = 1.0;
				PRODUCT_BUNDLE_IDENTIFIER = com.valeriya.Shop;
				PRODUCT_NAME = "$(TARGET_NAME)";
				SWIFT_EMIT_LOC_STRINGS = YES;
				SWIFT_VERSION = 5.0;
				TARGETED_DEVICE_FAMILY = "1,2";
			};
			name = Release;
		};
/* End XCBuildConfiguration section */

/* Begin XCConfigurationList section */
		18A87DD82B1F03BC00462E8B /* Build configuration list for PBXProject "Shop" */ = {
			isa = XCConfigurationList;
			buildConfigurations = (
				18A87DEF2B1F03BC00462E8B /* Debug */,
				18A87DF02B1F03BC00462E8B /* Release */,
			);
			defaultConfigurationIsVisible = 0;
			defaultConfigurationName = Release;
		};
		18A87DF12B1F03BC00462E8B /* Build configuration list for PBXNativeTarget "Shop" */ = {
			isa = XCConfigurationList;
			buildConfigurations = (
				18A87DF22B1F03BC00462E8B /* Debug */,
				18A87DF32B1F03BC00462E8B /* Release */,
			);
			defaultConfigurationIsVisible = 0;
			defaultConfigurationName = Release;
		};
/* End XCConfigurationList section */
	};
	rootObject = 18A87DD52B1F03BC00462E8B /* Project object */;
}
